
Microsoft Visual Studio Solution File, Format Version 12.00
# Visual Studio 15
VisualStudioVersion = 15.0.27428.2043
MinimumVisualStudioVersion = 10.0.40219.1
Project("{FAE04EC0-301F-11D3-BF4B-00C04F79EFBC}") = "TaskManagementSystem", "TaskManagementSystem\TaskManagementSystem.csproj", "{20FE64BE-7E2C-4C6B-8499-469D3C2C1D3D}"
EndProject
Global
	GlobalSection(SolutionConfigurationPlatforms) = preSolution
		Debug|Any CPU = Debug|Any CPU
		Release|Any CPU = Release|Any CPU
	EndGlobalSection
	GlobalSection(ProjectConfigurationPlatforms) = postSolution
		{20FE64BE-7E2C-4C6B-8499-469D3C2C1D3D}.Debug|Any CPU.ActiveCfg = Debug|Any CPU
		{20FE64BE-7E2C-4C6B-8499-469D3C2C1D3D}.Debug|Any CPU.Build.0 = Debug|Any CPU
		{20FE64BE-7E2C-4C6B-8499-469D3C2C1D3D}.Release|Any CPU.ActiveCfg = Release|Any CPU
		{20FE64BE-7E2C-4C6B-8499-469D3C2C1D3D}.Release|Any CPU.Build.0 = Release|Any CPU
	EndGlobalSection
	GlobalSection(SolutionProperties) = preSolution
		HideSolutionNode = FALSE
	EndGlobalSection
	GlobalSection(ExtensibilityGlobals) = postSolution
		SolutionGuid = {A6AF6BDF-412F-4C9B-AA65-68FB9ABC1900}
	EndGlobalSection
EndGlobal
